
Microsoft Visual Studio Solution File, Format Version 12.00
# Visual Studio 2013
VisualStudioVersion = 12.0.31010.0
MinimumVisualStudioVersion = 10.0.40219.1
Project("{FAE04EC0-301F-11D3-BF4B-00C04F79EFBC}") = "TSBusiness", "TSBusiness\TSBusiness.csproj", "{9BA41784-5CD9-47A4-91B9-38E5B9691B1E}"
EndProject
Project("{2150E333-8FDC-42A3-9474-1A3956D46DE8}") = ".nuget", ".nuget", "{BCF5D9B7-028C-4F93-BD1C-026345FC89AC}"
	ProjectSection(SolutionItems) = preProject
		.nuget\packages.config = .nuget\packages.config
	EndProjectSection
EndProject
Project("{FAE04EC0-301F-11D3-BF4B-00C04F79EFBC}") = "TSBusiness.BusinessLayer", "TSBusiness.BusinessLayer\TSBusiness.BusinessLayer.csproj", "{4F220A8F-13DA-449F-8BE9-D46E75997642}"
EndProject
Global
	GlobalSection(SolutionConfigurationPlatforms) = preSolution
		Debug|Any CPU = Debug|Any CPU
		Release|Any CPU = Release|Any CPU
	EndGlobalSection
	GlobalSection(ProjectConfigurationPlatforms) = postSolution
		{9BA41784-5CD9-47A4-91B9-38E5B9691B1E}.Debug|Any CPU.ActiveCfg = Debug|Any CPU
		{9BA41784-5CD9-47A4-91B9-38E5B9691B1E}.Debug|Any CPU.Build.0 = Debug|Any CPU
		{9BA41784-5CD9-47A4-91B9-38E5B9691B1E}.Release|Any CPU.ActiveCfg = Release|Any CPU
		{9BA41784-5CD9-47A4-91B9-38E5B9691B1E}.Release|Any CPU.Build.0 = Release|Any CPU
		{4F220A8F-13DA-449F-8BE9-D46E75997642}.Debug|Any CPU.ActiveCfg = Debug|Any CPU
		{4F220A8F-13DA-449F-8BE9-D46E75997642}.Debug|Any CPU.Build.0 = Debug|Any CPU
		{4F220A8F-13DA-449F-8BE9-D46E75997642}.Release|Any CPU.ActiveCfg = Release|Any CPU
		{4F220A8F-13DA-449F-8BE9-D46E75997642}.Release|Any CPU.Build.0 = Release|Any CPU
	EndGlobalSection
	GlobalSection(SolutionProperties) = preSolution
		HideSolutionNode = FALSE
	EndGlobalSection
EndGlobal
